// !$*UTF8*$!
{
	archiveVersion = 1;
	classes = {
	};
	objectVersion = 50;
	objects = {

/* Begin PBXBuildFile section */
		C53015E125618490003F9551 /* TaskTableViewCell.swift in Sources */ = {isa = PBXBuildFile; fileRef = C53015DF25618490003F9551 /* TaskTableViewCell.swift */; };
		C53015E225618490003F9551 /* TaskTableViewCell.xib in Resources */ = {isa = PBXBuildFile; fileRef = C53015E025618490003F9551 /* TaskTableViewCell.xib */; };
		C58251B9256098C5002BF27E /* AppDelegate.swift in Sources */ = {isa = PBXBuildFile; fileRef = C58251B8256098C5002BF27E /* AppDelegate.swift */; };
		C58251BB256098C5002BF27E /* SceneDelegate.swift in Sources */ = {isa = PBXBuildFile; fileRef = C58251BA256098C5002BF27E /* SceneDelegate.swift */; };
		C58251C0256098C5002BF27E /* Main.storyboard in Resources */ = {isa = PBXBuildFile; fileRef = C58251BE256098C5002BF27E /* Main.storyboard */; };
		C58251C2256098C7002BF27E /* Assets.xcassets in Resources */ = {isa = PBXBuildFile; fileRef = C58251C1256098C7002BF27E /* Assets.xcassets */; };
		C58251C5256098C7002BF27E /* LaunchScreen.storyboard in Resources */ = {isa = PBXBuildFile; fileRef = C58251C3256098C7002BF27E /* LaunchScreen.storyboard */; };
		C58251CE25609D9E002BF27E /* TaskListViewController.swift in Sources */ = {isa = PBXBuildFile; fileRef = C58251CD25609D9E002BF27E /* TaskListViewController.swift */; };
		C58251D225616F70002BF27E /* Composite.swift in Sources */ = {isa = PBXBuildFile; fileRef = C58251D125616F6F002BF27E /* Composite.swift */; };
/* End PBXBuildFile section */

/* Begin PBXFileReference section */
		C53015DF25618490003F9551 /* TaskTableViewCell.swift */ = {isa = PBXFileReference; lastKnownFileType = sourcecode.swift; path = TaskTableViewCell.swift; sourceTree = "<group>"; };
		C53015E025618490003F9551 /* TaskTableViewCell.xib */ = {isa = PBXFileReference; lastKnownFileType = file.xib; path = TaskTableViewCell.xib; sourceTree = "<group>"; };
		C58251B5256098C5002BF27E /* TaskList.app */ = {isa = PBXFileReference; explicitFileType = wrapper.application; includeInIndex = 0; path = TaskList.app; sourceTree = BUILT_PRODUCTS_DIR; };
		C58251B8256098C5002BF27E /* AppDelegate.swift */ = {isa = PBXFileReference; lastKnownFileType = sourcecode.swift; path = AppDelegate.swift; sourceTree = "<group>"; };
		C58251BA256098C5002BF27E /* SceneDelegate.swift */ = {isa = PBXFileReference; lastKnownFileType = sourcecode.swift; path = SceneDelegate.swift; sourceTree = "<group>"; };
		C58251BF256098C5002BF27E /* Base */ = {isa = PBXFileReference; lastKnownFileType = file.storyboard; name = Base; path = Base.lproj/Main.storyboard; sourceTree = "<group>"; };
		C58251C1256098C7002BF27E /* Assets.xcassets */ = {isa = PBXFileReference; lastKnownFileType = folder.assetcatalog; path = Assets.xcassets; sourceTree = "<group>"; };
		C58251C4256098C7002BF27E /* Base */ = {isa = PBXFileReference; lastKnownFileType = file.storyboard; name = Base; path = Base.lproj/LaunchScreen.storyboard; sourceTree = "<group>"; };
		C58251C6256098C7002BF27E /* Info.plist */ = {isa = PBXFileReference; lastKnownFileType = text.plist.xml; path = Info.plist; sourceTree = "<group>"; };
		C58251CD25609D9E002BF27E /* TaskListViewController.swift */ = {isa = PBXFileReference; lastKnownFileType = sourcecode.swift; path = TaskListViewController.swift; sourceTree = "<group>"; };
		C58251D125616F6F002BF27E /* Composite.swift */ = {isa = PBXFileReference; lastKnownFileType = sourcecode.swift; path = Composite.swift; sourceTree = "<group>"; };
/* End PBXFileReference section */

/* Begin PBXFrameworksBuildPhase section */
		C58251B2256098C5002BF27E /* Frameworks */ = {
			isa = PBXFrameworksBuildPhase;
			buildActionMask = 2147483647;
			files = (
			);
			runOnlyForDeploymentPostprocessing = 0;
		};
/* End PBXFrameworksBuildPhase section */

/* Begin PBXGroup section */
		C53015E42561858B003F9551 /* TaskVC */ = {
			isa = PBXGroup;
			children = (
				C58251CD25609D9E002BF27E /* TaskListViewController.swift */,
				C53015DF25618490003F9551 /* TaskTableViewCell.swift */,
				C53015E025618490003F9551 /* TaskTableViewCell.xib */,
			);
			path = TaskVC;
			sourceTree = "<group>";
		};
		C53015E52561859D003F9551 /* Composite */ = {
			isa = PBXGroup;
			children = (
				C58251D125616F6F002BF27E /* Composite.swift */,
			);
			path = Composite;
			sourceTree = "<group>";
		};
		C58251AC256098C4002BF27E = {
			isa = PBXGroup;
			children = (
				C58251B7256098C5002BF27E /* TaskList */,
				C58251B6256098C5002BF27E /* Products */,
			);
			sourceTree = "<group>";
		};
		C58251B6256098C5002BF27E /* Products */ = {
			isa = PBXGroup;
			children = (
				C58251B5256098C5002BF27E /* TaskList.app */,
			);
			name = Products;
			sourceTree = "<group>";
		};
		C58251B7256098C5002BF27E /* TaskList */ = {
			isa = PBXGroup;
			children = (
				C53015E52561859D003F9551 /* Composite */,
				C53015E42561858B003F9551 /* TaskVC */,
				C58251BE256098C5002BF27E /* Main.storyboard */,
				C58251B8256098C5002BF27E /* AppDelegate.swift */,
				C58251BA256098C5002BF27E /* SceneDelegate.swift */,
				C58251C1256098C7002BF27E /* Assets.xcassets */,
				C58251C3256098C7002BF27E /* LaunchScreen.storyboard */,
				C58251C6256098C7002BF27E /* Info.plist */,
			);
			path = TaskList;
			sourceTree = "<group>";
		};
/* End PBXGroup section */

/* Begin PBXNativeTarget section */
		C58251B4256098C5002BF27E /* TaskList */ = {
			isa = PBXNativeTarget;
			buildConfigurationList = C58251C9256098C7002BF27E /* Build configuration list for PBXNativeTarget "TaskList" */;
			buildPhases = (
				C58251B1256098C5002BF27E /* Sources */,
				C58251B2256098C5002BF27E /* Frameworks */,
				C58251B3256098C5002BF27E /* Resources */,
			);
			buildRules = (
			);
			dependencies = (
			);
			name = TaskList;
			productName = TaskList;
			productReference = C58251B5256098C5002BF27E /* TaskList.app */;
			productType = "com.apple.product-type.application";
		};
/* End PBXNativeTarget section */

/* Begin PBXProject section */
		C58251AD256098C4002BF27E /* Project object */ = {
			isa = PBXProject;
			attributes = {
				LastSwiftUpdateCheck = 1220;
				LastUpgradeCheck = 1220;
				TargetAttributes = {
					C58251B4256098C5002BF27E = {
						CreatedOnToolsVersion = 12.2;
					};
				};
			};
			buildConfigurationList = C58251B0256098C4002BF27E /* Build configuration list for PBXProject "TaskList" */;
			compatibilityVersion = "Xcode 9.3";
			developmentRegion = en;
			hasScannedForEncodings = 0;
			knownRegions = (
				en,
				Base,
			);
			mainGroup = C58251AC256098C4002BF27E;
			productRefGroup = C58251B6256098C5002BF27E /* Products */;
			projectDirPath = "";
			projectRoot = "";
			targets = (
				C58251B4256098C5002BF27E /* TaskList */,
			);
		};
/* End PBXProject section */

/* Begin PBXResourcesBuildPhase section */
		C58251B3256098C5002BF27E /* Resources */ = {
			isa = PBXResourcesBuildPhase;
			buildActionMask = 2147483647;
			files = (
				C53015E225618490003F9551 /* TaskTableViewCell.xib in Resources */,
				C58251C5256098C7002BF27E /* LaunchScreen.storyboard in Resources */,
				C58251C2256098C7002BF27E /* Assets.xcassets in Resources */,
				C58251C0256098C5002BF27E /* Main.storyboard in Resources */,
			);
			runOnlyForDeploymentPostprocessing = 0;
		};
/* End PBXResourcesBuildPhase section */

/* Begin PBXSourcesBuildPhase section */
		C58251B1256098C5002BF27E /* Sources */ = {
			isa = PBXSourcesBuildPhase;
			buildActionMask = 2147483647;
			files = (
				C53015E125618490003F9551 /* TaskTableViewCell.swift in Sources */,
				C58251CE25609D9E002BF27E /* TaskListViewController.swift in Sources */,
				C58251B9256098C5002BF27E /* AppDelegate.swift in Sources */,
				C58251BB256098C5002BF27E /* SceneDelegate.swift in Sources */,
				C58251D225616F70002BF27E /* Composite.swift in Sources */,
			);
			runOnlyForDeploymentPostprocessing = 0;
		};
/* End PBXSourcesBuildPhase section */

/* Begin PBXVariantGroup section */
		C58251BE256098C5002BF27E /* Main.storyboard */ = {
			isa = PBXVariantGroup;
			children = (
				C58251BF256098C5002BF27E /* Base */,
			);
			name = Main.storyboard;
			sourceTree = "<group>";
		};
		C58251C3256098C7002BF27E /* LaunchScreen.storyboard */ = {
			isa = PBXVariantGroup;
			children = (
				C58251C4256098C7002BF27E /* Base */,
			);
			name = LaunchScreen.storyboard;
			sourceTree = "<group>";
		};
/* End PBXVariantGroup section */

/* Begin XCBuildConfiguration section */
		C58251C7256098C7002BF27E /* Debug */ = {
			isa = XCBuildConfiguration;
			buildSettings = {
				ALWAYS_SEARCH_USER_PATHS = NO;
				CLANG_ANALYZER_NONNULL = YES;
				CLANG_ANALYZER_NUMBER_OBJECT_CONVERSION = YES_AGGRESSIVE;
				CLANG_CXX_LANGUAGE_STANDARD = "gnu++14";
				CLANG_CXX_LIBRARY = "libc++";
				CLANG_ENABLE_MODULES = YES;
				CLANG_ENABLE_OBJC_ARC = YES;
				CLANG_ENABLE_OBJC_WEAK = YES;
				CLANG_WARN_BLOCK_CAPTURE_AUTORELEASING = YES;
				CLANG_WARN_BOOL_CONVERSION = YES;
				CLANG_WARN_COMMA = YES;
				CLANG_WARN_CONSTANT_CONVERSION = YES;
				CLANG_WARN_DEPRECATED_OBJC_IMPLEMENTATIONS = YES;
				CLANG_WARN_DIRECT_OBJC_ISA_USAGE = YES_ERROR;
				CLANG_WARN_DOCUMENTATION_COMMENTS = YES;
				CLANG_WARN_EMPTY_BODY = YES;
				CLANG_WARN_ENUM_CONVERSION = YES;
				CLANG_WARN_INFINITE_RECURSION = YES;
				CLANG_WARN_INT_CONVERSION = YES;
				CLANG_WARN_NON_LITERAL_NULL_CONVERSION = YES;
				CLANG_WARN_OBJC_IMPLICIT_RETAIN_SELF = YES;
				CLANG_WARN_OBJC_LITERAL_CONVERSION = YES;
				CLANG_WARN_OBJC_ROOT_CLASS = YES_ERROR;
				CLANG_WARN_QUOTED_INCLUDE_IN_FRAMEWORK_HEADER = YES;
				CLANG_WARN_RANGE_LOOP_ANALYSIS = YES;
				CLANG_WARN_STRICT_PROTOTYPES = YES;
				CLANG_WARN_SUSPICIOUS_MOVE = YES;
				CLANG_WARN_UNGUARDED_AVAILABILITY = YES_AGGRESSIVE;
				CLANG_WARN_UNREACHABLE_CODE = YES;
				CLANG_WARN__DUPLICATE_METHOD_MATCH = YES;
				COPY_PHASE_STRIP = NO;
				DEBUG_INFORMATION_FORMAT = dwarf;
				ENABLE_STRICT_OBJC_MSGSEND = YES;
				ENABLE_TESTABILITY = YES;
				GCC_C_LANGUAGE_STANDARD = gnu11;
				GCC_DYNAMIC_NO_PIC = NO;
				GCC_NO_COMMON_BLOCKS = YES;
				GCC_OPTIMIZATION_LEVEL = 0;
				GCC_PREPROCESSOR_DEFINITIONS = (
					"DEBUG=1",
					"$(inherited)",
				);
				GCC_WARN_64_TO_32_BIT_CONVERSION = YES;
				GCC_WARN_ABOUT_RETURN_TYPE = YES_ERROR;
				GCC_WARN_UNDECLARED_SELECTOR = YES;
				GCC_WARN_UNINITIALIZED_AUTOS = YES_AGGRESSIVE;
				GCC_WARN_UNUSED_FUNCTION = YES;
				GCC_WARN_UNUSED_VARIABLE = YES;
				IPHONEOS_DEPLOYMENT_TARGET = 14.2;
				MTL_ENABLE_DEBUG_INFO = INCLUDE_SOURCE;
				MTL_FAST_MATH = YES;
				ONLY_ACTIVE_ARCH = YES;
				SDKROOT = iphoneos;
				SWIFT_ACTIVE_COMPILATION_CONDITIONS = DEBUG;
				SWIFT_OPTIMIZATION_LEVEL = "-Onone";
			};
			name = Debug;
		};
		C58251C8256098C7002BF27E /* Release */ = {
			isa = XCBuildConfiguration;
			buildSettings = {
				ALWAYS_SEARCH_USER_PATHS = NO;
				CLANG_ANALYZER_NONNULL = YES;
				CLANG_ANALYZER_NUMBER_OBJECT_CONVERSION = YES_AGGRESSIVE;
				CLANG_CXX_LANGUAGE_STANDARD = "gnu++14";
				CLANG_CXX_LIBRARY = "libc++";
				CLANG_ENABLE_MODULES = YES;
				CLANG_ENABLE_OBJC_ARC = YES;
				CLANG_ENABLE_OBJC_WEAK = YES;
				CLANG_WARN_BLOCK_CAPTURE_AUTORELEASING = YES;
				CLANG_WARN_BOOL_CONVERSION = YES;
				CLANG_WARN_COMMA = YES;
				CLANG_WARN_CONSTANT_CONVERSION = YES;
				CLANG_WARN_DEPRECATED_OBJC_IMPLEMENTATIONS = YES;
				CLANG_WARN_DIRECT_OBJC_ISA_USAGE = YES_ERROR;
				CLANG_WARN_DOCUMENTATION_COMMENTS = YES;
				CLANG_WARN_EMPTY_BODY = YES;
				CLANG_WARN_ENUM_CONVERSION = YES;
				CLANG_WARN_INFINITE_RECURSION = YES;
				CLANG_WARN_INT_CONVERSION = YES;
				CLANG_WARN_NON_LITERAL_NULL_CONVERSION = YES;
				CLANG_WARN_OBJC_IMPLICIT_RETAIN_SELF = YES;
				CLANG_WARN_OBJC_LITERAL_CONVERSION = YES;
				CLANG_WARN_OBJC_ROOT_CLASS = YES_ERROR;
				CLANG_WARN_QUOTED_INCLUDE_IN_FRAMEWORK_HEADER = YES;
				CLANG_WARN_RANGE_LOOP_ANALYSIS = YES;
				CLANG_WARN_STRICT_PROTOTYPES = YES;
				CLANG_WARN_SUSPICIOUS_MOVE = YES;
				CLANG_WARN_UNGUARDED_AVAILABILITY = YES_AGGRESSIVE;
				CLANG_WARN_UNREACHABLE_CODE = YES;
				CLANG_WARN__DUPLICATE_METHOD_MATCH = YES;
				COPY_PHASE_STRIP = NO;
				DEBUG_INFORMATION_FORMAT = "dwarf-with-dsym";
				ENABLE_NS_ASSERTIONS = NO;
				ENABLE_STRICT_OBJC_MSGSEND = YES;
				GCC_C_LANGUAGE_STANDARD = gnu11;
				GCC_NO_COMMON_BLOCKS = YES;
				GCC_WARN_64_TO_32_BIT_CONVERSION = YES;
				GCC_WARN_ABOUT_RETURN_TYPE = YES_ERROR;
				GCC_WARN_UNDECLARED_SELECTOR = YES;
				GCC_WARN_UNINITIALIZED_AUTOS = YES_AGGRESSIVE;
				GCC_WARN_UNUSED_FUNCTION = YES;
				GCC_WARN_UNUSED_VARIABLE = YES;
				IPHONEOS_DEPLOYMENT_TARGET = 14.2;
				MTL_ENABLE_DEBUG_INFO = NO;
				MTL_FAST_MATH = YES;
				SDKROOT = iphoneos;
				SWIFT_COMPILATION_MODE = wholemodule;
				SWIFT_OPTIMIZATION_LEVEL = "-O";
				VALIDATE_PRODUCT = YES;
			};
			name = Release;
		};
		C58251CA256098C7002BF27E /* Debug */ = {
			isa = XCBuildConfiguration;
			buildSettings = {
				ASSETCATALOG_COMPILER_APPICON_NAME = AppIcon;
				ASSETCATALOG_COMPILER_GLOBAL_ACCENT_COLOR_NAME = AccentColor;
				CODE_SIGN_STYLE = Automatic;
				INFOPLIST_FILE = TaskList/Info.plist;
				LD_RUNPATH_SEARCH_PATHS = (
					"$(inherited)",
					"@executable_path/Frameworks",
				);
				PRODUCT_BUNDLE_IDENTIFIER = "Sergey-Razgulyaev.TaskList";
				PRODUCT_NAME = "$(TARGET_NAME)";
				SWIFT_VERSION = 5.0;
				TARGETED_DEVICE_FAMILY = "1,2";
			};
			name = Debug;
		};
		C58251CB256098C7002BF27E /* Release */ = {
			isa = XCBuildConfiguration;
			buildSettings = {
				ASSETCATALOG_COMPILER_APPICON_NAME = AppIcon;
				ASSETCATALOG_COMPILER_GLOBAL_ACCENT_COLOR_NAME = AccentColor;
				CODE_SIGN_STYLE = Automatic;
				INFOPLIST_FILE = TaskList/Info.plist;
				LD_RUNPATH_SEARCH_PATHS = (
					"$(inherited)",
					"@executable_path/Frameworks",
				);
				PRODUCT_BUNDLE_IDENTIFIER = "Sergey-Razgulyaev.TaskList";
				PRODUCT_NAME = "$(TARGET_NAME)";
				SWIFT_VERSION = 5.0;
				TARGETED_DEVICE_FAMILY = "1,2";
			};
			name = Release;
		};
/* End XCBuildConfiguration section */

/* Begin XCConfigurationList section */
		C58251B0256098C4002BF27E /* Build configuration list for PBXProject "TaskList" */ = {
			isa = XCConfigurationList;
			buildConfigurations = (
				C58251C7256098C7002BF27E /* Debug */,
				C58251C8256098C7002BF27E /* Release */,
			);
			defaultConfigurationIsVisible = 0;
			defaultConfigurationName = Release;
		};
		C58251C9256098C7002BF27E /* Build configuration list for PBXNativeTarget "TaskList" */ = {
			isa = XCConfigurationList;
			buildConfigurations = (
				C58251CA256098C7002BF27E /* Debug */,
				C58251CB256098C7002BF27E /* Release */,
			);
			defaultConfigurationIsVisible = 0;
			defaultConfigurationName = Release;
		};
/* End XCConfigurationList section */
	};
	rootObject = C58251AD256098C4002BF27E /* Project object */;
}
